lockfileVersion: '6.0'

settings:
  autoInstallPeers: true
  excludeLinksFromLockfile: false

importers:

  .:
    dependencies:
      turbo:
        specifier: ^1.10.16
        version: 1.10.16

  platform/infra:
    dependencies:
      aws-cdk-lib:
        specifier: '2.105'
        version: 2.105.0(constructs@10.3.0)
      constructs:
        specifier: ^10.3.0
        version: 10.3.0
    devDependencies:
      '@aws-sdk/client-ssm':
        specifier: 3.451.0
        version: 3.451.0
      '@types/node':
        specifier: 20.8.10
        version: 20.8.10
      run-command:
        specifier: workspace:*
        version: link:../run-command
      ts-node:
        specifier: ^10.9.1
        version: 10.9.1(@types/node@20.8.10)(typescript@5.2.2)
      typescript:
        specifier: ^5.2.2
        version: 5.2.2

  platform/run-command:
    devDependencies:
      dotenv:
        specifier: 16.3.1
        version: 16.3.1

packages:

  /@aws-cdk/asset-awscli-v1@2.2.201:
    resolution: {integrity: sha512-INZqcwDinNaIdb5CtW3ez5s943nX5stGBQS6VOP2JDlOFP81hM3fds/9NDknipqfUkZM43dx+HgVvkXYXXARCQ==}
    dev: false

  /@aws-cdk/asset-kubectl-v20@2.1.2:
    resolution: {integrity: sha512-3M2tELJOxQv0apCIiuKQ4pAbncz9GuLwnKFqxifWfe77wuMxyTRPmxssYHs42ePqzap1LT6GDcPygGs+hHstLg==}
    dev: false

  /@aws-cdk/asset-node-proxy-agent-v6@2.0.1:
    resolution: {integrity: sha512-DDt4SLdLOwWCjGtltH4VCST7hpOI5DzieuhGZsBpZ+AgJdSI2GCjklCXm0GCTwJG/SolkL5dtQXyUKgg9luBDg==}
    dev: false

  /@aws-crypto/crc32@3.0.0:
    resolution: {integrity: sha512-IzSgsrxUcsrejQbPVilIKy16kAT52EwB6zSaI+M3xxIhKh5+aldEyvI+z6erM7TCLB2BJsFrtHjp6/4/sr+3dA==}
    dependencies:
      '@aws-crypto/util': 3.0.0
      '@aws-sdk/types': 3.451.0
      tslib: 1.14.1
    dev: true

  /@aws-crypto/ie11-detection@3.0.0:
    resolution: {integrity: sha512-341lBBkiY1DfDNKai/wXM3aujNBkXR7tq1URPQDL9wi3AUbI80NR74uF1TXHMm7po1AcnFk8iu2S2IeU/+/A+Q==}
    dependencies:
      tslib: 1.14.1
    dev: true

  /@aws-crypto/sha256-browser@3.0.0:
    resolution: {integrity: sha512-8VLmW2B+gjFbU5uMeqtQM6Nj0/F1bro80xQXCW6CQBWgosFWXTx77aeOF5CAIAmbOK64SdMBJdNr6J41yP5mvQ==}
    dependencies:
      '@aws-crypto/ie11-detection': 3.0.0
      '@aws-crypto/sha256-js': 3.0.0
      '@aws-crypto/supports-web-crypto': 3.0.0
      '@aws-crypto/util': 3.0.0
      '@aws-sdk/types': 3.451.0
      '@aws-sdk/util-locate-window': 3.310.0
      '@aws-sdk/util-utf8-browser': 3.259.0
      tslib: 1.14.1
    dev: true

  /@aws-crypto/sha256-js@3.0.0:
    resolution: {integrity: sha512-PnNN7os0+yd1XvXAy23CFOmTbMaDxgxXtTKHybrJ39Y8kGzBATgBFibWJKH6BhytLI/Zyszs87xCOBNyBig6vQ==}
    dependencies:
      '@aws-crypto/util': 3.0.0
      '@aws-sdk/types': 3.451.0
      tslib: 1.14.1
    dev: true

  /@aws-crypto/supports-web-crypto@3.0.0:
    resolution: {integrity: sha512-06hBdMwUAb2WFTuGG73LSC0wfPu93xWwo5vL2et9eymgmu3Id5vFAHBbajVWiGhPO37qcsdCap/FqXvJGJWPIg==}
    dependencies:
      tslib: 1.14.1
    dev: true

  /@aws-crypto/util@3.0.0:
    resolution: {integrity: sha512-2OJlpeJpCR48CC8r+uKVChzs9Iungj9wkZrl8Z041DWEWvyIHILYKCPNzJghKsivj+S3mLo6BVc7mBNzdxA46w==}
    dependencies:
      '@aws-sdk/types': 3.451.0
      '@aws-sdk/util-utf8-browser': 3.259.0
      tslib: 1.14.1
    dev: true

  /@aws-sdk/client-ssm@3.451.0:
    resolution: {integrity: sha512-Piuqmhdh48adWF5g+1+IUvtR6wv7e8b3BblYWCFIVgYHeXv2qfT5rDm7CbxLJsQ+4ZZcUU6Xj5ykRRIwlPHRow==}
    engines: {node: '>=14.0.0'}
    dependencies:
      '@aws-crypto/sha256-browser': 3.0.0
      '@aws-crypto/sha256-js': 3.0.0
      '@aws-sdk/client-sts': 3.451.0
      '@aws-sdk/core': 3.451.0
      '@aws-sdk/credential-provider-node': 3.451.0
      '@aws-sdk/middleware-host-header': 3.451.0
      '@aws-sdk/middleware-logger': 3.451.0
      '@aws-sdk/middleware-recursion-detection': 3.451.0
      '@aws-sdk/middleware-signing': 3.451.0
      '@aws-sdk/middleware-user-agent': 3.451.0
      '@aws-sdk/region-config-resolver': 3.451.0
      '@aws-sdk/types': 3.451.0
      '@aws-sdk/util-endpoints': 3.451.0
      '@aws-sdk/util-user-agent-browser': 3.451.0
      '@aws-sdk/util-user-agent-node': 3.451.0
      '@smithy/config-resolver': 2.0.18
      '@smithy/fetch-http-handler': 2.2.6
      '@smithy/hash-node': 2.0.15
      '@smithy/invalid-dependency': 2.0.13
      '@smithy/middleware-content-length': 2.0.15
      '@smithy/middleware-endpoint': 2.2.0
      '@smithy/middleware-retry': 2.0.20
      '@smithy/middleware-serde': 2.0.13
      '@smithy/middleware-stack': 2.0.7
      '@smithy/node-config-provider': 2.1.5
      '@smithy/node-http-handler': 2.1.9
      '@smithy/protocol-http': 3.0.9
      '@smithy/smithy-client': 2.1.15
      '@smithy/types': 2.5.0
      '@smithy/url-parser': 2.0.13
      '@smithy/util-base64': 2.0.1
      '@smithy/util-body-length-browser': 2.0.0
      '@smithy/util-body-length-node': 2.1.0
      '@smithy/util-defaults-mode-browser': 2.0.19
      '@smithy/util-defaults-mode-node': 2.0.25
      '@smithy/util-endpoints': 1.0.4
      '@smithy/util-retry': 2.0.6
      '@smithy/util-utf8': 2.0.2
      '@smithy/util-waiter': 2.0.13
      tslib: 2.6.2
      uuid: 8.3.2
    transitivePeerDependencies:
      - aws-crt
    dev: true

  /@aws-sdk/client-sso@3.451.0:
    resolution: {integrity: sha512-KkYSke3Pdv3MfVH/5fT528+MKjMyPKlcLcd4zQb0x6/7Bl7EHrPh1JZYjzPLHelb+UY5X0qN8+cb8iSu1eiwIQ==}
    engines: {node: '>=14.0.0'}
    dependencies:
      '@aws-crypto/sha256-browser': 3.0.0
      '@aws-crypto/sha256-js': 3.0.0
      '@aws-sdk/core': 3.451.0
      '@aws-sdk/middleware-host-header': 3.451.0
      '@aws-sdk/middleware-logger': 3.451.0
      '@aws-sdk/middleware-recursion-detection': 3.451.0
      '@aws-sdk/middleware-user-agent': 3.451.0
      '@aws-sdk/region-config-resolver': 3.451.0
      '@aws-sdk/types': 3.451.0
      '@aws-sdk/util-endpoints': 3.451.0
      '@aws-sdk/util-user-agent-browser': 3.451.0
      '@aws-sdk/util-user-agent-node': 3.451.0
      '@smithy/config-resolver': 2.0.18
      '@smithy/fetch-http-handler': 2.2.6
      '@smithy/hash-node': 2.0.15
      '@smithy/invalid-dependency': 2.0.13
      '@smithy/middleware-content-length': 2.0.15
      '@smithy/middleware-endpoint': 2.2.0
      '@smithy/middleware-retry': 2.0.20
      '@smithy/middleware-serde': 2.0.13
      '@smithy/middleware-stack': 2.0.7
      '@smithy/node-config-provider': 2.1.5
      '@smithy/node-http-handler': 2.1.9
      '@smithy/protocol-http': 3.0.9
      '@smithy/smithy-client': 2.1.15
      '@smithy/types': 2.5.0
      '@smithy/url-parser': 2.0.13
      '@smithy/util-base64': 2.0.1
      '@smithy/util-body-length-browser': 2.0.0
      '@smithy/util-body-length-node': 2.1.0
      '@smithy/util-defaults-mode-browser': 2.0.19
      '@smithy/util-defaults-mode-node': 2.0.25
      '@smithy/util-endpoints': 1.0.4
      '@smithy/util-retry': 2.0.6
      '@smithy/util-utf8': 2.0.2
      tslib: 2.6.2
    transitivePeerDependencies:
      - aws-crt
    dev: true

  /@aws-sdk/client-sts@3.451.0:
    resolution: {integrity: sha512-48NcIRxWBdP1fom6RSjwn2R2u7SE7eeV3p+c4s7ukEOfrHhBxJfn3EpqBVQMGzdiU55qFImy+Fe81iA2lXq3Jw==}
    engines: {node: '>=14.0.0'}
    dependencies:
      '@aws-crypto/sha256-browser': 3.0.0
      '@aws-crypto/sha256-js': 3.0.0
      '@aws-sdk/core': 3.451.0
      '@aws-sdk/credential-provider-node': 3.451.0
      '@aws-sdk/middleware-host-header': 3.451.0
      '@aws-sdk/middleware-logger': 3.451.0
      '@aws-sdk/middleware-recursion-detection': 3.451.0
      '@aws-sdk/middleware-sdk-sts': 3.451.0
      '@aws-sdk/middleware-signing': 3.451.0
      '@aws-sdk/middleware-user-agent': 3.451.0
      '@aws-sdk/region-config-resolver': 3.451.0
      '@aws-sdk/types': 3.451.0
      '@aws-sdk/util-endpoints': 3.451.0
      '@aws-sdk/util-user-agent-browser': 3.451.0
      '@aws-sdk/util-user-agent-node': 3.451.0
      '@smithy/config-resolver': 2.0.18
      '@smithy/fetch-http-handler': 2.2.6
      '@smithy/hash-node': 2.0.15
      '@smithy/invalid-dependency': 2.0.13
      '@smithy/middleware-content-length': 2.0.15
      '@smithy/middleware-endpoint': 2.2.0
      '@smithy/middleware-retry': 2.0.20
      '@smithy/middleware-serde': 2.0.13
      '@smithy/middleware-stack': 2.0.7
      '@smithy/node-config-provider': 2.1.5
      '@smithy/node-http-handler': 2.1.9
      '@smithy/protocol-http': 3.0.9
      '@smithy/smithy-client': 2.1.15
      '@smithy/types': 2.5.0
      '@smithy/url-parser': 2.0.13
      '@smithy/util-base64': 2.0.1
      '@smithy/util-body-length-browser': 2.0.0
      '@smithy/util-body-length-node': 2.1.0
      '@smithy/util-defaults-mode-browser': 2.0.19
      '@smithy/util-defaults-mode-node': 2.0.25
      '@smithy/util-endpoints': 1.0.4
      '@smithy/util-retry': 2.0.6
      '@smithy/util-utf8': 2.0.2
      fast-xml-parser: 4.2.5
      tslib: 2.6.2
    transitivePeerDependencies:
      - aws-crt
    dev: true

  /@aws-sdk/core@3.451.0:
    resolution: {integrity: sha512-SamWW2zHEf1ZKe3j1w0Piauryl8BQIlej0TBS18A4ACzhjhWXhCs13bO1S88LvPR5mBFXok3XOT6zPOnKDFktw==}
    engines: {node: '>=14.0.0'}
    dependencies:
      '@smithy/smithy-client': 2.1.15
      tslib: 2.6.2
    dev: true

  /@aws-sdk/credential-provider-env@3.451.0:
    resolution: {integrity: sha512-9dAav7DcRgaF7xCJEQR5ER9ErXxnu/tdnVJ+UPmb1NPeIZdESv1A3lxFDEq1Fs8c4/lzAj9BpshGyJVIZwZDKg==}
    engines: {node: '>=14.0.0'}
    dependencies:
      '@aws-sdk/types': 3.451.0
      '@smithy/property-provider': 2.0.14
      '@smithy/types': 2.5.0
      tslib: 2.6.2
    dev: true

  /@aws-sdk/credential-provider-ini@3.451.0:
    resolution: {integrity: sha512-TySt64Ci5/ZbqFw1F9Z0FIGvYx5JSC9e6gqDnizIYd8eMnn8wFRUscRrD7pIHKfrhvVKN5h0GdYovmMO/FMCBw==}
    engines: {node: '>=14.0.0'}
    dependencies:
      '@aws-sdk/credential-provider-env': 3.451.0
      '@aws-sdk/credential-provider-process': 3.451.0
      '@aws-sdk/credential-provider-sso': 3.451.0
      '@aws-sdk/credential-provider-web-identity': 3.451.0
      '@aws-sdk/types': 3.451.0
      '@smithy/credential-provider-imds': 2.1.1
      '@smithy/property-provider': 2.0.14
      '@smithy/shared-ini-file-loader': 2.2.4
      '@smithy/types': 2.5.0
      tslib: 2.6.2
    transitivePeerDependencies:
      - aws-crt
    dev: true

  /@aws-sdk/credential-provider-node@3.451.0:
    resolution: {integrity: sha512-AEwM1WPyxUdKrKyUsKyFqqRFGU70e4qlDyrtBxJnSU9NRLZI8tfEZ67bN7fHSxBUBODgDXpMSlSvJiBLh5/3pw==}
    engines: {node: '>=14.0.0'}
    dependencies:
      '@aws-sdk/credential-provider-env': 3.451.0
      '@aws-sdk/credential-provider-ini': 3.451.0
      '@aws-sdk/credential-provider-process': 3.451.0
      '@aws-sdk/credential-provider-sso': 3.451.0
      '@aws-sdk/credential-provider-web-identity': 3.451.0
      '@aws-sdk/types': 3.451.0
      '@smithy/credential-provider-imds': 2.1.1
      '@smithy/property-provider': 2.0.14
      '@smithy/shared-ini-file-loader': 2.2.4
      '@smithy/types': 2.5.0
      tslib: 2.6.2
    transitivePeerDependencies:
      - aws-crt
    dev: true

  /@aws-sdk/credential-provider-process@3.451.0:
    resolution: {integrity: sha512-HQywSdKeD5PErcLLnZfSyCJO+6T+ZyzF+Lm/QgscSC+CbSUSIPi//s15qhBRVely/3KBV6AywxwNH+5eYgt4lQ==}
    engines: {node: '>=14.0.0'}
    dependencies:
      '@aws-sdk/types': 3.451.0
      '@smithy/property-provider': 2.0.14
      '@smithy/shared-ini-file-loader': 2.2.4
      '@smithy/types': 2.5.0
      tslib: 2.6.2
    dev: true

  /@aws-sdk/credential-provider-sso@3.451.0:
    resolution: {integrity: sha512-Usm/N51+unOt8ID4HnQzxIjUJDrkAQ1vyTOC0gSEEJ7h64NSSPGD5yhN7il5WcErtRd3EEtT1a8/GTC5TdBctg==}
    engines: {node: '>=14.0.0'}
    dependencies:
      '@aws-sdk/client-sso': 3.451.0
      '@aws-sdk/token-providers': 3.451.0
      '@aws-sdk/types': 3.451.0
      '@smithy/property-provider': 2.0.14
      '@smithy/shared-ini-file-loader': 2.2.4
      '@smithy/types': 2.5.0
      tslib: 2.6.2
    transitivePeerDependencies:
      - aws-crt
    dev: true

  /@aws-sdk/credential-provider-web-identity@3.451.0:
    resolution: {integrity: sha512-Xtg3Qw65EfDjWNG7o2xD6sEmumPfsy3WDGjk2phEzVg8s7hcZGxf5wYwe6UY7RJvlEKrU0rFA+AMn6Hfj5oOzg==}
    engines: {node: '>=14.0.0'}
    dependencies:
      '@aws-sdk/types': 3.451.0
      '@smithy/property-provider': 2.0.14
      '@smithy/types': 2.5.0
      tslib: 2.6.2
    dev: true

  /@aws-sdk/middleware-host-header@3.451.0:
    resolution: {integrity: sha512-j8a5jAfhWmsK99i2k8oR8zzQgXrsJtgrLxc3js6U+525mcZytoiDndkWTmD5fjJ1byU1U2E5TaPq+QJeDip05Q==}
    engines: {node: '>=14.0.0'}
    dependencies:
      '@aws-sdk/types': 3.451.0
      '@smithy/protocol-http': 3.0.9
      '@smithy/types': 2.5.0
      tslib: 2.6.2
    dev: true

  /@aws-sdk/middleware-logger@3.451.0:
    resolution: {integrity: sha512-0kHrYEyVeB2QBfP6TfbI240aRtatLZtcErJbhpiNUb+CQPgEL3crIjgVE8yYiJumZ7f0jyjo8HLPkwD1/2APaw==}
    engines: {node: '>=14.0.0'}
    dependencies:
      '@aws-sdk/types': 3.451.0
      '@smithy/types': 2.5.0
      tslib: 2.6.2
    dev: true

  /@aws-sdk/middleware-recursion-detection@3.451.0:
    resolution: {integrity: sha512-J6jL6gJ7orjHGM70KDRcCP7so/J2SnkN4vZ9YRLTeeZY6zvBuHDjX8GCIgSqPn/nXFXckZO8XSnA7u6+3TAT0w==}
    engines: {node: '>=14.0.0'}
    dependencies:
      '@aws-sdk/types': 3.451.0
      '@smithy/protocol-http': 3.0.9
      '@smithy/types': 2.5.0
      tslib: 2.6.2
    dev: true

  /@aws-sdk/middleware-sdk-sts@3.451.0:
    resolution: {integrity: sha512-UJ6UfVUEgp0KIztxpAeelPXI5MLj9wUtUCqYeIMP7C1ZhoEMNm3G39VLkGN43dNhBf1LqjsV9jkKMZbVfYXuwg==}
    engines: {node: '>=14.0.0'}
    dependencies:
      '@aws-sdk/middleware-signing': 3.451.0
      '@aws-sdk/types': 3.451.0
      '@smithy/types': 2.5.0
      tslib: 2.6.2
    dev: true

  /@aws-sdk/middleware-signing@3.451.0:
    resolution: {integrity: sha512-s5ZlcIoLNg1Huj4Qp06iKniE8nJt/Pj1B/fjhWc6cCPCM7XJYUCejCnRh6C5ZJoBEYodjuwZBejPc1Wh3j+znA==}
    engines: {node: '>=14.0.0'}
    dependencies:
      '@aws-sdk/types': 3.451.0
      '@smithy/property-provider': 2.0.14
      '@smithy/protocol-http': 3.0.9
      '@smithy/signature-v4': 2.0.15
      '@smithy/types': 2.5.0
      '@smithy/util-middleware': 2.0.6
      tslib: 2.6.2
    dev: true

  /@aws-sdk/middleware-user-agent@3.451.0:
    resolution: {integrity: sha512-8NM/0JiKLNvT9wtAQVl1DFW0cEO7OvZyLSUBLNLTHqyvOZxKaZ8YFk7d8PL6l76LeUKRxq4NMxfZQlUIRe0eSA==}
    engines: {node: '>=14.0.0'}
    dependencies:
      '@aws-sdk/types': 3.451.0
      '@aws-sdk/util-endpoints': 3.451.0
      '@smithy/protocol-http': 3.0.9
      '@smithy/types': 2.5.0
      tslib: 2.6.2
    dev: true

  /@aws-sdk/region-config-resolver@3.451.0:
    resolution: {integrity: sha512-3iMf4OwzrFb4tAAmoROXaiORUk2FvSejnHIw/XHvf/jjR4EqGGF95NZP/n/MeFZMizJWVssrwS412GmoEyoqhg==}
    engines: {node: '>=14.0.0'}
    dependencies:
      '@smithy/node-config-provider': 2.1.5
      '@smithy/types': 2.5.0
      '@smithy/util-config-provider': 2.0.0
      '@smithy/util-middleware': 2.0.6
      tslib: 2.6.2
    dev: true

  /@aws-sdk/token-providers@3.451.0:
    resolution: {integrity: sha512-ij1L5iUbn6CwxVOT1PG4NFjsrsKN9c4N1YEM0lkl6DwmaNOscjLKGSNyj9M118vSWsOs1ZDbTwtj++h0O/BWrQ==}
    engines: {node: '>=14.0.0'}
    dependencies:
      '@aws-crypto/sha256-browser': 3.0.0
      '@aws-crypto/sha256-js': 3.0.0
      '@aws-sdk/middleware-host-header': 3.451.0
      '@aws-sdk/middleware-logger': 3.451.0
      '@aws-sdk/middleware-recursion-detection': 3.451.0
      '@aws-sdk/middleware-user-agent': 3.451.0
      '@aws-sdk/region-config-resolver': 3.451.0
      '@aws-sdk/types': 3.451.0
      '@aws-sdk/util-endpoints': 3.451.0
      '@aws-sdk/util-user-agent-browser': 3.451.0
      '@aws-sdk/util-user-agent-node': 3.451.0
      '@smithy/config-resolver': 2.0.18
      '@smithy/fetch-http-handler': 2.2.6
      '@smithy/hash-node': 2.0.15
      '@smithy/invalid-dependency': 2.0.13
      '@smithy/middleware-content-length': 2.0.15
      '@smithy/middleware-endpoint': 2.2.0
      '@smithy/middleware-retry': 2.0.20
      '@smithy/middleware-serde': 2.0.13
      '@smithy/middleware-stack': 2.0.7
      '@smithy/node-config-provider': 2.1.5
      '@smithy/node-http-handler': 2.1.9
      '@smithy/property-provider': 2.0.14
      '@smithy/protocol-http': 3.0.9
      '@smithy/shared-ini-file-loader': 2.2.4
      '@smithy/smithy-client': 2.1.15
      '@smithy/types': 2.5.0
      '@smithy/url-parser': 2.0.13
      '@smithy/util-base64': 2.0.1
      '@smithy/util-body-length-browser': 2.0.0
      '@smithy/util-body-length-node': 2.1.0
      '@smithy/util-defaults-mode-browser': 2.0.19
      '@smithy/util-defaults-mode-node': 2.0.25
      '@smithy/util-endpoints': 1.0.4
      '@smithy/util-retry': 2.0.6
      '@smithy/util-utf8': 2.0.2
      tslib: 2.6.2
    transitivePeerDependencies:
      - aws-crt
    dev: true

  /@aws-sdk/types@3.451.0:
    resolution: {integrity: sha512-rhK+qeYwCIs+laJfWCcrYEjay2FR/9VABZJ2NRM89jV/fKqGVQR52E5DQqrI+oEIL5JHMhhnr4N4fyECMS35lw==}
    engines: {node: '>=14.0.0'}
    dependencies:
      '@smithy/types': 2.5.0
      tslib: 2.6.2
    dev: true

  /@aws-sdk/util-endpoints@3.451.0:
    resolution: {integrity: sha512-giqLGBTnRIcKkDqwU7+GQhKbtJ5Ku35cjGQIfMyOga6pwTBUbaK0xW1Sdd8sBQ1GhApscnChzI9o/R9x0368vw==}
    engines: {node: '>=14.0.0'}
    dependencies:
      '@aws-sdk/types': 3.451.0
      '@smithy/util-endpoints': 1.0.4
      tslib: 2.6.2
    dev: true

  /@aws-sdk/util-locate-window@3.310.0:
    resolution: {integrity: sha512-qo2t/vBTnoXpjKxlsC2e1gBrRm80M3bId27r0BRB2VniSSe7bL1mmzM+/HFtujm0iAxtPM+aLEflLJlJeDPg0w==}
    engines: {node: '>=14.0.0'}
    dependencies:
      tslib: 2.6.2
    dev: true

  /@aws-sdk/util-user-agent-browser@3.451.0:
    resolution: {integrity: sha512-Ws5mG3J0TQifH7OTcMrCTexo7HeSAc3cBgjfhS/ofzPUzVCtsyg0G7I6T7wl7vJJETix2Kst2cpOsxygPgPD9w==}
    dependencies:
      '@aws-sdk/types': 3.451.0
      '@smithy/types': 2.5.0
      bowser: 2.11.0
      tslib: 2.6.2
    dev: true

  /@aws-sdk/util-user-agent-node@3.451.0:
    resolution: {integrity: sha512-TBzm6P+ql4mkGFAjPlO1CI+w3yUT+NulaiALjl/jNX/nnUp6HsJsVxJf4nVFQTG5KRV0iqMypcs7I3KIhH+LmA==}
    engines: {node: '>=14.0.0'}
    peerDependencies:
      aws-crt: '>=1.0.0'
    peerDependenciesMeta:
      aws-crt:
        optional: true
    dependencies:
      '@aws-sdk/types': 3.451.0
      '@smithy/node-config-provider': 2.1.5
      '@smithy/types': 2.5.0
      tslib: 2.6.2
    dev: true

  /@aws-sdk/util-utf8-browser@3.259.0:
    resolution: {integrity: sha512-UvFa/vR+e19XookZF8RzFZBrw2EUkQWxiBW0yYQAhvk3C+QVGl0H3ouca8LDBlBfQKXwmW3huo/59H8rwb1wJw==}
    dependencies:
      tslib: 2.6.2
    dev: true

  /@cspotcode/source-map-support@0.8.1:
    resolution: {integrity: sha512-IchNf6dN4tHoMFIn/7OE8LWZ19Y6q/67Bmf6vnGREv8RSbBVb9LPJxEcnwrcwX6ixSvaiGoomAUvu4YSxXrVgw==}
    engines: {node: '>=12'}
    dependencies:
      '@jridgewell/trace-mapping': 0.3.9
    dev: true

  /@jridgewell/resolve-uri@3.1.1:
    resolution: {integrity: sha512-dSYZh7HhCDtCKm4QakX0xFpsRDqjjtZf/kjI/v3T3Nwt5r8/qz/M19F9ySyOqU94SXBmeG9ttTul+YnR4LOxFA==}
    engines: {node: '>=6.0.0'}
    dev: true

  /@jridgewell/sourcemap-codec@1.4.15:
    resolution: {integrity: sha512-eF2rxCRulEKXHTRiDrDy6erMYWqNw4LPdQ8UQA4huuxaQsVeRPFl2oM8oDGxMFhJUWZf9McpLtJasDDZb/Bpeg==}
    dev: true

  /@jridgewell/trace-mapping@0.3.9:
    resolution: {integrity: sha512-3Belt6tdc8bPgAtbcmdtNJlirVoTmEb5e2gC94PnkwEW9jI6CAHUeoG85tjWP5WquqfavoMtMwiG4P926ZKKuQ==}
    dependencies:
      '@jridgewell/resolve-uri': 3.1.1
      '@jridgewell/sourcemap-codec': 1.4.15
    dev: true

  /@smithy/abort-controller@2.0.13:
    resolution: {integrity: sha512-eeOPD+GF9BzF/Mjy3PICLePx4l0f3rG/nQegQHRLTloN5p1lSJJNZsyn+FzDnW8P2AduragZqJdtKNCxXozB1Q==}
    engines: {node: '>=14.0.0'}
    dependencies:
      '@smithy/types': 2.5.0
      tslib: 2.6.2
    dev: true

  /@smithy/config-resolver@2.0.18:
    resolution: {integrity: sha512-761sJSgNbvsqcsKW6/WZbrZr4H+0Vp/QKKqwyrxCPwD8BsiPEXNHyYnqNgaeK9xRWYswjon0Uxbpe3DWQo0j/g==}
    engines: {node: '>=14.0.0'}
    dependencies:
      '@smithy/node-config-provider': 2.1.5
      '@smithy/types': 2.5.0
      '@smithy/util-config-provider': 2.0.0
      '@smithy/util-middleware': 2.0.6
      tslib: 2.6.2
    dev: true

  /@smithy/credential-provider-imds@2.1.1:
    resolution: {integrity: sha512-gw5G3FjWC6sNz8zpOJgPpH5HGKrpoVFQpToNAwLwJVyI/LJ2jDJRjSKEsM6XI25aRpYjMSE/Qptxx305gN1vHw==}
    engines: {node: '>=14.0.0'}
    dependencies:
      '@smithy/node-config-provider': 2.1.5
      '@smithy/property-provider': 2.0.14
      '@smithy/types': 2.5.0
      '@smithy/url-parser': 2.0.13
      tslib: 2.6.2
    dev: true

  /@smithy/eventstream-codec@2.0.13:
    resolution: {integrity: sha512-CExbelIYp+DxAHG8RIs0l9QL7ElqhG4ym9BNoSpkPa4ptBQfzJdep3LbOSVJIE2VUdBAeObdeL6EDB3Jo85n3g==}
    dependencies:
      '@aws-crypto/crc32': 3.0.0
      '@smithy/types': 2.5.0
      '@smithy/util-hex-encoding': 2.0.0
      tslib: 2.6.2
    dev: true

  /@smithy/fetch-http-handler@2.2.6:
    resolution: {integrity: sha512-PStY3XO1Ksjwn3wMKye5U6m6zxXpXrXZYqLy/IeCbh3nM9QB3Jgw/B0PUSLUWKdXg4U8qgEu300e3ZoBvZLsDg==}
    dependencies:
      '@smithy/protocol-http': 3.0.9
      '@smithy/querystring-builder': 2.0.13
      '@smithy/types': 2.5.0
      '@smithy/util-base64': 2.0.1
      tslib: 2.6.2
    dev: true

  /@smithy/hash-node@2.0.15:
    resolution: {integrity: sha512-t/qjEJZu/G46A22PAk1k/IiJZT4ncRkG5GOCNWN9HPPy5rCcSZUbh7gwp7CGKgJJ7ATMMg+0Td7i9o1lQTwOfQ==}
    engines: {node: '>=14.0.0'}
    dependencies:
      '@smithy/types': 2.5.0
      '@smithy/util-buffer-from': 2.0.0
      '@smithy/util-utf8': 2.0.2
      tslib: 2.6.2
    dev: true

  /@smithy/invalid-dependency@2.0.13:
    resolution: {integrity: sha512-XsGYhVhvEikX1Yz0kyIoLssJf2Rs6E0U2w2YuKdT4jSra5A/g8V2oLROC1s56NldbgnpesTYB2z55KCHHbKyjw==}
    dependencies:
      '@smithy/types': 2.5.0
      tslib: 2.6.2
    dev: true

  /@smithy/is-array-buffer@2.0.0:
    resolution: {integrity: sha512-z3PjFjMyZNI98JFRJi/U0nGoLWMSJlDjAW4QUX2WNZLas5C0CmVV6LJ01JI0k90l7FvpmixjWxPFmENSClQ7ug==}
    engines: {node: '>=14.0.0'}
    dependencies:
      tslib: 2.6.2
    dev: true

  /@smithy/middleware-content-length@2.0.15:
    resolution: {integrity: sha512-xH4kRBw01gJgWiU+/mNTrnyFXeozpZHw39gLb3JKGsFDVmSrJZ8/tRqu27tU/ki1gKkxr2wApu+dEYjI3QwV1Q==}
    engines: {node: '>=14.0.0'}
    dependencies:
      '@smithy/protocol-http': 3.0.9
      '@smithy/types': 2.5.0
      tslib: 2.6.2
    dev: true

  /@smithy/middleware-endpoint@2.2.0:
    resolution: {integrity: sha512-tddRmaig5URk2106PVMiNX6mc5BnKIKajHHDxb7K0J5MLdcuQluHMGnjkv18iY9s9O0tF+gAcPd/pDXA5L9DZw==}
    engines: {node: '>=14.0.0'}
    dependencies:
      '@smithy/middleware-serde': 2.0.13
      '@smithy/node-config-provider': 2.1.5
      '@smithy/shared-ini-file-loader': 2.2.4
      '@smithy/types': 2.5.0
      '@smithy/url-parser': 2.0.13
      '@smithy/util-middleware': 2.0.6
      tslib: 2.6.2
    dev: true

  /@smithy/middleware-retry@2.0.20:
    resolution: {integrity: sha512-X2yrF/SHDk2WDd8LflRNS955rlzQ9daz9UWSp15wW8KtzoTXg3bhHM78HbK1cjr48/FWERSJKh9AvRUUGlIawg==}
    engines: {node: '>=14.0.0'}
    dependencies:
      '@smithy/node-config-provider': 2.1.5
      '@smithy/protocol-http': 3.0.9
      '@smithy/service-error-classification': 2.0.6
      '@smithy/types': 2.5.0
      '@smithy/util-middleware': 2.0.6
      '@smithy/util-retry': 2.0.6
      tslib: 2.6.2
      uuid: 8.3.2
    dev: true

  /@smithy/middleware-serde@2.0.13:
    resolution: {integrity: sha512-tBGbeXw+XsE6pPr4UaXOh+UIcXARZeiA8bKJWxk2IjJcD1icVLhBSUQH9myCIZLNNzJIH36SDjUX8Wqk4xJCJg==}
    engines: {node: '>=14.0.0'}
    dependencies:
      '@smithy/types': 2.5.0
      tslib: 2.6.2
    dev: true

  /@smithy/middleware-stack@2.0.7:
    resolution: {integrity: sha512-L1KLAAWkXbGx1t2jjCI/mDJ2dDNq+rp4/ifr/HcC6FHngxho5O7A5bQLpKHGlkfATH6fUnOEx0VICEVFA4sUzw==}
    engines: {node: '>=14.0.0'}
    dependencies:
      '@smithy/types': 2.5.0
      tslib: 2.6.2
    dev: true

  /@smithy/node-config-provider@2.1.5:
    resolution: {integrity: sha512-3Omb5/h4tOCuKRx4p4pkYTvEYRCYoKk52bOYbKUyz/G/8gERbagsN8jFm4FjQubkrcIqQEghTpQaUw6uk+0edw==}
    engines: {node: '>=14.0.0'}
    dependencies:
      '@smithy/property-provider': 2.0.14
      '@smithy/shared-ini-file-loader': 2.2.4
      '@smithy/types': 2.5.0
      tslib: 2.6.2
    dev: true

  /@smithy/node-http-handler@2.1.9:
    resolution: {integrity: sha512-+K0q3SlNcocmo9OZj+fz67gY4lwhOCvIJxVbo/xH+hfWObvaxrMTx7JEzzXcluK0thnnLz++K3Qe7Z/8MDUreA==}
    engines: {node: '>=14.0.0'}
    dependencies:
      '@smithy/abort-controller': 2.0.13
      '@smithy/protocol-http': 3.0.9
      '@smithy/querystring-builder': 2.0.13
      '@smithy/types': 2.5.0
      tslib: 2.6.2
    dev: true

  /@smithy/property-provider@2.0.14:
    resolution: {integrity: sha512-k3D2qp9o6imTrLaXRj6GdLYEJr1sXqS99nLhzq8fYmJjSVOeMg/G+1KVAAc7Oxpu71rlZ2f8SSZxcSxkevuR0A==}
    engines: {node: '>=14.0.0'}
    dependencies:
      '@smithy/types': 2.5.0
      tslib: 2.6.2
    dev: true

  /@smithy/protocol-http@3.0.9:
    resolution: {integrity: sha512-U1wl+FhYu4/BC+rjwh1lg2gcJChQhytiNQSggREgQ9G2FzmoK9sACBZvx7thyWMvRyHQTE22mO2d5UM8gMKDBg==}
    engines: {node: '>=14.0.0'}
    dependencies:
      '@smithy/types': 2.5.0
      tslib: 2.6.2
    dev: true

  /@smithy/querystring-builder@2.0.13:
    resolution: {integrity: sha512-JhXKwp3JtsFUe96XLHy/nUPEbaXqn6r7xE4sNaH8bxEyytE5q1fwt0ew/Ke6+vIC7gP87HCHgQpJHg1X1jN2Fw==}
    engines: {node: '>=14.0.0'}
    dependencies:
      '@smithy/types': 2.5.0
      '@smithy/util-uri-escape': 2.0.0
      tslib: 2.6.2
    dev: true

  /@smithy/querystring-parser@2.0.13:
    resolution: {integrity: sha512-TEiT6o8CPZVxJ44Rly/rrsATTQsE+b/nyBVzsYn2sa75xAaZcurNxsFd8z1haoUysONiyex24JMHoJY6iCfLdA==}
    engines: {node: '>=14.0.0'}
    dependencies:
      '@smithy/types': 2.5.0
      tslib: 2.6.2
    dev: true

  /@smithy/service-error-classification@2.0.6:
    resolution: {integrity: sha512-fCQ36frtYra2fqY2/DV8+3/z2d0VB/1D1hXbjRcM5wkxTToxq6xHbIY/NGGY6v4carskMyG8FHACxgxturJ9Pg==}
    engines: {node: '>=14.0.0'}
    dependencies:
      '@smithy/types': 2.5.0
    dev: true

  /@smithy/shared-ini-file-loader@2.2.4:
    resolution: {integrity: sha512-9dRknGgvYlRIsoTcmMJXuoR/3ekhGwhRq4un3ns2/byre4Ql5hyUN4iS0x8eITohjU90YOnUCsbRwZRvCkbRfw==}
    engines: {node: '>=14.0.0'}
    dependencies:
      '@smithy/types': 2.5.0
      tslib: 2.6.2
    dev: true

  /@smithy/signature-v4@2.0.15:
    resolution: {integrity: sha512-SRTEJSEhQYVlBKIIdZ9SZpqW+KFqxqcNnEcBX+8xkDdWx+DItme9VcCDkdN32yTIrICC+irUufnUdV7mmHPjoA==}
    engines: {node: '>=14.0.0'}
    dependencies:
      '@smithy/eventstream-codec': 2.0.13
      '@smithy/is-array-buffer': 2.0.0
      '@smithy/types': 2.5.0
      '@smithy/util-hex-encoding': 2.0.0
      '@smithy/util-middleware': 2.0.6
      '@smithy/util-uri-escape': 2.0.0
      '@smithy/util-utf8': 2.0.2
      tslib: 2.6.2
    dev: true

  /@smithy/smithy-client@2.1.15:
    resolution: {integrity: sha512-rngZcQu7Jvs9UbHihK1EI67RMPuzkc3CJmu4MBgB7D7yBnMGuFR86tq5rqHfL2gAkNnMelBN/8kzQVvZjNKefQ==}
    engines: {node: '>=14.0.0'}
    dependencies:
      '@smithy/middleware-stack': 2.0.7
      '@smithy/types': 2.5.0
      '@smithy/util-stream': 2.0.20
      tslib: 2.6.2
    dev: true

  /@smithy/types@2.5.0:
    resolution: {integrity: sha512-/a31lYofrMBkJb3BuPlYJTMKDj0hUmKUP6JFZQu6YVuQVoAjubiY0A52U9S0Uysd33n/djexCUSNJ+G9bf3/aA==}
    engines: {node: '>=14.0.0'}
    dependencies:
      tslib: 2.6.2
    dev: true

  /@smithy/url-parser@2.0.13:
    resolution: {integrity: sha512-okWx2P/d9jcTsZWTVNnRMpFOE7fMkzloSFyM53fA7nLKJQObxM2T4JlZ5KitKKuXq7pxon9J6SF2kCwtdflIrA==}
    dependencies:
      '@smithy/querystring-parser': 2.0.13
      '@smithy/types': 2.5.0
      tslib: 2.6.2
    dev: true

  /@smithy/util-base64@2.0.1:
    resolution: {integrity: sha512-DlI6XFYDMsIVN+GH9JtcRp3j02JEVuWIn/QOZisVzpIAprdsxGveFed0bjbMRCqmIFe8uetn5rxzNrBtIGrPIQ==}
    engines: {node: '>=14.0.0'}
    dependencies:
      '@smithy/util-buffer-from': 2.0.0
      tslib: 2.6.2
    dev: true

  /@smithy/util-body-length-browser@2.0.0:
    resolution: {integrity: sha512-JdDuS4ircJt+FDnaQj88TzZY3+njZ6O+D3uakS32f2VNnDo3vyEuNdBOh/oFd8Df1zSZOuH1HEChk2AOYDezZg==}
    dependencies:
      tslib: 2.6.2
    dev: true

  /@smithy/util-body-length-node@2.1.0:
    resolution: {integrity: sha512-/li0/kj/y3fQ3vyzn36NTLGmUwAICb7Jbe/CsWCktW363gh1MOcpEcSO3mJ344Gv2dqz8YJCLQpb6hju/0qOWw==}
    engines: {node: '>=14.0.0'}
    dependencies:
      tslib: 2.6.2
    dev: true

  /@smithy/util-buffer-from@2.0.0:
    resolution: {integrity: sha512-/YNnLoHsR+4W4Vf2wL5lGv0ksg8Bmk3GEGxn2vEQt52AQaPSCuaO5PM5VM7lP1K9qHRKHwrPGktqVoAHKWHxzw==}
    engines: {node: '>=14.0.0'}
    dependencies:
      '@smithy/is-array-buffer': 2.0.0
      tslib: 2.6.2
    dev: true

  /@smithy/util-config-provider@2.0.0:
    resolution: {integrity: sha512-xCQ6UapcIWKxXHEU4Mcs2s7LcFQRiU3XEluM2WcCjjBtQkUN71Tb+ydGmJFPxMUrW/GWMgQEEGipLym4XG0jZg==}
    engines: {node: '>=14.0.0'}
    dependencies:
      tslib: 2.6.2
    dev: true

  /@smithy/util-defaults-mode-browser@2.0.19:
    resolution: {integrity: sha512-VHP8xdFR7/orpiABJwgoTB0t8Zhhwpf93gXhNfUBiwAE9O0rvsv7LwpQYjgvbOUDDO8JfIYQB2GYJNkqqGWsXw==}
    engines: {node: '>= 10.0.0'}
    dependencies:
      '@smithy/property-provider': 2.0.14
      '@smithy/smithy-client': 2.1.15
      '@smithy/types': 2.5.0
      bowser: 2.11.0
      tslib: 2.6.2
    dev: true

  /@smithy/util-defaults-mode-node@2.0.25:
    resolution: {integrity: sha512-jkmep6/JyWmn2ADw9VULDeGbugR4N/FJCKOt+gYyVswmN1BJOfzF2umaYxQ1HhQDvna3kzm1Dbo1qIfBW4iuHA==}
    engines: {node: '>= 10.0.0'}
    dependencies:
      '@smithy/config-resolver': 2.0.18
      '@smithy/credential-provider-imds': 2.1.1
      '@smithy/node-config-provider': 2.1.5
      '@smithy/property-provider': 2.0.14
      '@smithy/smithy-client': 2.1.15
      '@smithy/types': 2.5.0
      tslib: 2.6.2
    dev: true

  /@smithy/util-endpoints@1.0.4:
    resolution: {integrity: sha512-FPry8j1xye5yzrdnf4xKUXVnkQErxdN7bUIaqC0OFoGsv2NfD9b2UUMuZSSt+pr9a8XWAqj0HoyVNUfPiZ/PvQ==}
    engines: {node: '>= 14.0.0'}
    dependencies:
      '@smithy/node-config-provider': 2.1.5
      '@smithy/types': 2.5.0
      tslib: 2.6.2
    dev: true

  /@smithy/util-hex-encoding@2.0.0:
    resolution: {integrity: sha512-c5xY+NUnFqG6d7HFh1IFfrm3mGl29lC+vF+geHv4ToiuJCBmIfzx6IeHLg+OgRdPFKDXIw6pvi+p3CsscaMcMA==}
    engines: {node: '>=14.0.0'}
    dependencies:
      tslib: 2.6.2
    dev: true

  /@smithy/util-middleware@2.0.6:
    resolution: {integrity: sha512-7W4uuwBvSLgKoLC1x4LfeArCVcbuHdtVaC4g30kKsD1erfICyQ45+tFhhs/dZNeQg+w392fhunCm/+oCcb6BSA==}
    engines: {node: '>=14.0.0'}
    dependencies:
      '@smithy/types': 2.5.0
      tslib: 2.6.2
    dev: true

  /@smithy/util-retry@2.0.6:
    resolution: {integrity: sha512-PSO41FofOBmyhPQJwBQJ6mVlaD7Sp9Uff9aBbnfBJ9eqXOE/obrqQjn0PNdkfdvViiPXl49BINfnGcFtSP4kYw==}
    engines: {node: '>= 14.0.0'}
    dependencies:
      '@smithy/service-error-classification': 2.0.6
      '@smithy/types': 2.5.0
      tslib: 2.6.2
    dev: true

  /@smithy/util-stream@2.0.20:
    resolution: {integrity: sha512-tT8VASuD8jJu0yjHEMTCPt1o5E3FVzgdsxK6FQLAjXKqVv5V8InCnc0EOsYrijgspbfDqdAJg7r0o2sySfcHVg==}
    engines: {node: '>=14.0.0'}
    dependencies:
      '@smithy/fetch-http-handler': 2.2.6
      '@smithy/node-http-handler': 2.1.9
      '@smithy/types': 2.5.0
      '@smithy/util-base64': 2.0.1
      '@smithy/util-buffer-from': 2.0.0
      '@smithy/util-hex-encoding': 2.0.0
      '@smithy/util-utf8': 2.0.2
      tslib: 2.6.2
    dev: true

  /@smithy/util-uri-escape@2.0.0:
    resolution: {integrity: sha512-ebkxsqinSdEooQduuk9CbKcI+wheijxEb3utGXkCoYQkJnwTnLbH1JXGimJtUkQwNQbsbuYwG2+aFVyZf5TLaw==}
    engines: {node: '>=14.0.0'}
    dependencies:
      tslib: 2.6.2
    dev: true

  /@smithy/util-utf8@2.0.2:
    resolution: {integrity: sha512-qOiVORSPm6Ce4/Yu6hbSgNHABLP2VMv8QOC3tTDNHHlWY19pPyc++fBTbZPtx6egPXi4HQxKDnMxVxpbtX2GoA==}
    engines: {node: '>=14.0.0'}
    dependencies:
      '@smithy/util-buffer-from': 2.0.0
      tslib: 2.6.2
    dev: true

  /@smithy/util-waiter@2.0.13:
    resolution: {integrity: sha512-YovIQatiuM7giEsRFotqJa2i3EbU2EE3PgtpXgtLgpx5rXiZMAwPxXYDFVFhuO0lbqvc/Zx4n+ZIisXOHPSqyg==}
    engines: {node: '>=14.0.0'}
    dependencies:
      '@smithy/abort-controller': 2.0.13
      '@smithy/types': 2.5.0
      tslib: 2.6.2
    dev: true

  /@tsconfig/node10@1.0.9:
    resolution: {integrity: sha512-jNsYVVxU8v5g43Erja32laIDHXeoNvFEpX33OK4d6hljo3jDhCBDhx5dhCCTMWUojscpAagGiRkBKxpdl9fxqA==}
    dev: true

  /@tsconfig/node12@1.0.11:
    resolution: {integrity: sha512-cqefuRsh12pWyGsIoBKJA9luFu3mRxCA+ORZvA4ktLSzIuCUtWVxGIuXigEwO5/ywWFMZ2QEGKWvkZG1zDMTag==}
    dev: true

  /@tsconfig/node14@1.0.3:
    resolution: {integrity: sha512-ysT8mhdixWK6Hw3i1V2AeRqZ5WfXg1G43mqoYlM2nc6388Fq5jcXyr5mRsqViLx/GJYdoL0bfXD8nmF+Zn/Iow==}
    dev: true

  /@tsconfig/node16@1.0.4:
    resolution: {integrity: sha512-vxhUy4J8lyeyinH7Azl1pdd43GJhZH/tP2weN8TntQblOY+A0XbT8DJk1/oCPuOOyg/Ja757rG0CgHcWC8OfMA==}
    dev: true

  /@types/node@20.8.10:
    resolution: {integrity: sha512-TlgT8JntpcbmKUFzjhsyhGfP2fsiz1Mv56im6enJ905xG1DAYesxJaeSbGqQmAw8OWPdhyJGhGSQGKRNJ45u9w==}
    dependencies:
      undici-types: 5.26.5
    dev: true

  /acorn-walk@8.3.0:
    resolution: {integrity: sha512-FS7hV565M5l1R08MXqo8odwMTB02C2UqzB17RVgu9EyuYFBqJZ3/ZY97sQD5FewVu1UyDFc1yztUDrAwT0EypA==}
    engines: {node: '>=0.4.0'}
    dev: true

  /acorn@8.11.2:
    resolution: {integrity: sha512-nc0Axzp/0FILLEVsm4fNwLCwMttvhEI263QtVPQcbpfZZ3ts0hLsZGOpE6czNlid7CJ9MlyH8reXkpsf3YUY4w==}
    engines: {node: '>=0.4.0'}
    hasBin: true
    dev: true

  /arg@4.1.3:
    resolution: {integrity: sha512-58S9QDqG0Xx27YwPSt9fJxivjYl432YCwfDMfZ+71RAqUrZef7LrKQZ3LHLOwCS4FLNBplP533Zx895SeOCHvA==}
    dev: true

  /aws-cdk-lib@2.105.0(constructs@10.3.0):
    resolution: {integrity: sha512-pByAPfRyOzF+AVz56aLUPLhYiRZzfIjyV9Bf2t0X3cpwVW21zVC+8GrQcQwy+zWgFGg3Gx6IVFNio3t8awHXHA==}
    engines: {node: '>= 14.15.0'}
    peerDependencies:
      constructs: ^10.0.0
    dependencies:
      '@aws-cdk/asset-awscli-v1': 2.2.201
      '@aws-cdk/asset-kubectl-v20': 2.1.2
      '@aws-cdk/asset-node-proxy-agent-v6': 2.0.1
      constructs: 10.3.0
    dev: false
    bundledDependencies:
      - '@balena/dockerignore'
      - case
      - fs-extra
      - ignore
      - jsonschema
      - minimatch
      - punycode
      - semver
      - table
      - yaml

  /bowser@2.11.0:
    resolution: {integrity: sha512-AlcaJBi/pqqJBIQ8U9Mcpc9i8Aqxn88Skv5d+xBX006BY5u8N3mGLHa5Lgppa7L/HfwgwLgZ6NYs+Ag6uUmJRA==}
    dev: true

  /constructs@10.3.0:
    resolution: {integrity: sha512-vbK8i3rIb/xwZxSpTjz3SagHn1qq9BChLEfy5Hf6fB3/2eFbrwt2n9kHwQcS0CPTRBesreeAcsJfMq2229FnbQ==}
    engines: {node: '>= 16.14.0'}
    dev: false

  /create-require@1.1.1:
    resolution: {integrity: sha512-dcKFX3jn0MpIaXjisoRvexIJVEKzaq7z2rZKxf+MSr9TkdmHmsU4m2lcLojrj/FHl8mk5VxMmYA+ftRkP/3oKQ==}
    dev: true

  /diff@4.0.2:
    resolution: {integrity: sha512-58lmxKSA4BNyLz+HHMUzlOEpg09FV+ev6ZMe3vJihgdxzgcwZ8VoEEPmALCZG9LmqfVoNMMKpttIYTVG6uDY7A==}
    engines: {node: '>=0.3.1'}
    dev: true

  /dotenv@16.3.1:
    resolution: {integrity: sha512-IPzF4w4/Rd94bA9imS68tZBaYyBWSCE47V1RGuMrB94iyTOIEwRmVL2x/4An+6mETpLrKJ5hQkB8W4kFAadeIQ==}
    engines: {node: '>=12'}
    dev: true

  /fast-xml-parser@4.2.5:
    resolution: {integrity: sha512-B9/wizE4WngqQftFPmdaMYlXoJlJOYxGQOanC77fq9k8+Z0v5dDSVh+3glErdIROP//s/jgb7ZuxKfB8nVyo0g==}
    hasBin: true
    dependencies:
      strnum: 1.0.5
    dev: true

  /make-error@1.3.6:
    resolution: {integrity: sha512-s8UhlNe7vPKomQhC1qFelMokr/Sc3AgNbso3n74mVPA5LTZwkB9NlXf4XPamLxJE8h0gh73rM94xvwRT2CVInw==}
    dev: true

  /strnum@1.0.5:
    resolution: {integrity: sha512-J8bbNyKKXl5qYcR36TIO8W3mVGVHrmmxsd5PAItGkmyzwJvybiw2IVq5nqd0i4LSNSkB/sx9VHllbfFdr9k1JA==}
    dev: true

  /ts-node@10.9.1(@types/node@20.8.10)(typescript@5.2.2):
    resolution: {integrity: sha512-NtVysVPkxxrwFGUUxGYhfux8k78pQB3JqYBXlLRZgdGUqTO5wU/UyHop5p70iEbGhB7q5KmiZiU0Y3KlJrScEw==}
    hasBin: true
    peerDependencies:
      '@swc/core': '>=1.2.50'
      '@swc/wasm': '>=1.2.50'
      '@types/node': '*'
      typescript: '>=2.7'
    peerDependenciesMeta:
      '@swc/core':
        optional: true
      '@swc/wasm':
        optional: true
    dependencies:
      '@cspotcode/source-map-support': 0.8.1
      '@tsconfig/node10': 1.0.9
      '@tsconfig/node12': 1.0.11
      '@tsconfig/node14': 1.0.3
      '@tsconfig/node16': 1.0.4
      '@types/node': 20.8.10
      acorn: 8.11.2
      acorn-walk: 8.3.0
      arg: 4.1.3
      create-require: 1.1.1
      diff: 4.0.2
      make-error: 1.3.6
      typescript: 5.2.2
      v8-compile-cache-lib: 3.0.1
      yn: 3.1.1
    dev: true

  /tslib@1.14.1:
    resolution: {integrity: sha512-Xni35NKzjgMrwevysHTCArtLDpPvye8zV/0E4EyYn43P7/7qvQwPh9BGkHewbMulVntbigmcT7rdX3BNo9wRJg==}
    dev: true

  /tslib@2.6.2:
    resolution: {integrity: sha512-AEYxH93jGFPn/a2iVAwW87VuUIkR1FVUKB77NwMF7nBTDkDrrT/Hpt/IrCJ0QXhW27jTBDcf5ZY7w6RiqTMw2Q==}
    dev: true

  /turbo-darwin-64@1.10.16:
    resolution: {integrity: sha512-+Jk91FNcp9e9NCLYlvDDlp2HwEDp14F9N42IoW3dmHI5ZkGSXzalbhVcrx3DOox3QfiNUHxzWg4d7CnVNCuuMg==}
    cpu: [x64]
    os: [darwin]
    requiresBuild: true
    dev: false
    optional: true

  /turbo-darwin-arm64@1.10.16:
    resolution: {integrity: sha512-jqGpFZipIivkRp/i+jnL8npX0VssE6IAVNKtu573LXtssZdV/S+fRGYA16tI46xJGxSAivrZ/IcgZrV6Jk80bw==}
    cpu: [arm64]
    os: [darwin]
    requiresBuild: true
    dev: false
    optional: true

  /turbo-linux-64@1.10.16:
    resolution: {integrity: sha512-PpqEZHwLoizQ6sTUvmImcRmACyRk9EWLXGlqceogPZsJ1jTRK3sfcF9fC2W56zkSIzuLEP07k5kl+ZxJd8JMcg==}
    cpu: [x64]
    os: [linux]
    requiresBuild: true
    dev: false
    optional: true

  /turbo-linux-arm64@1.10.16:
    resolution: {integrity: sha512-TMjFYz8to1QE0fKVXCIvG/4giyfnmqcQIwjdNfJvKjBxn22PpbjeuFuQ5kNXshUTRaTJihFbuuCcb5OYFNx4uw==}
    cpu: [arm64]
    os: [linux]
    requiresBuild: true
    dev: false
    optional: true

  /turbo-windows-64@1.10.16:
    resolution: {integrity: sha512-+jsf68krs0N66FfC4/zZvioUap/Tq3sPFumnMV+EBo8jFdqs4yehd6+MxIwYTjSQLIcpH8KoNMB0gQYhJRLZzw==}
    cpu: [x64]
    os: [win32]
    requiresBuild: true
    dev: false
    optional: true

  /turbo-windows-arm64@1.10.16:
    resolution: {integrity: sha512-sKm3hcMM1bl0B3PLG4ifidicOGfoJmOEacM5JtgBkYM48ncMHjkHfFY7HrJHZHUnXM4l05RQTpLFoOl/uIo2HQ==}
    cpu: [arm64]
    os: [win32]
    requiresBuild: true
    dev: false
    optional: true

  /turbo@1.10.16:
    resolution: {integrity: sha512-2CEaK4FIuSZiP83iFa9GqMTQhroW2QryckVqUydmg4tx78baftTOS0O+oDAhvo9r9Nit4xUEtC1RAHoqs6ZEtg==}
    hasBin: true
    optionalDependencies:
      turbo-darwin-64: 1.10.16
      turbo-darwin-arm64: 1.10.16
      turbo-linux-64: 1.10.16
      turbo-linux-arm64: 1.10.16
      turbo-windows-64: 1.10.16
      turbo-windows-arm64: 1.10.16
    dev: false

  /typescript@5.2.2:
    resolution: {integrity: sha512-mI4WrpHsbCIcwT9cF4FZvr80QUeKvsUsUvKDoR+X/7XHQH98xYD8YHZg7ANtz2GtZt/CBq2QJ0thkGJMHfqc1w==}
    engines: {node: '>=14.17'}
    hasBin: true
    dev: true

  /undici-types@5.26.5:
    resolution: {integrity: sha512-JlCMO+ehdEIKqlFxk6IfVoAUVmgz7cU7zD/h9XZ0qzeosSHmUJVOzSQvvYSYWXkFXC+IfLKSIffhv0sVZup6pA==}
    dev: true

  /uuid@8.3.2:
    resolution: {integrity: sha512-+NYs2QeMWy+GWFOEm9xnn6HCDp0l7QBD7ml8zLUmJ+93Q5NF0NocErnwkTkXVFNiX3/fpC6afS8Dhb/gz7R7eg==}
    hasBin: true
    dev: true

  /v8-compile-cache-lib@3.0.1:
    resolution: {integrity: sha512-wa7YjyUGfNZngI/vtK0UHAN+lgDCxBPCylVXGp0zu59Fz5aiGtNXaq3DhIov063MorB+VfufLh3JlF2KdTK3xg==}
    dev: true

  /yn@3.1.1:
    resolution: {integrity: sha512-Ux4ygGWsu2c7isFWe8Yu1YluJmqVhxqK2cLXNQA5AcC3QfbGNpM7fu0Y8b/z16pXLnFxZYvWhd3fhBY9DLmC6Q==}
    engines: {node: '>=6'}
    dev: true
